
Microsoft Visual Studio Solution File, Format Version 12.00
# Visual Studio Version 17
VisualStudioVersion = 17.2.32519.379
MinimumVisualStudioVersion = 10.0.40219.1
Project("{9A19103F-16F7-4668-BE54-9A1E7A4F7556}") = "TelegramBot", "TelegramBot.csproj", "{13A86745-A4A5-4638-B2B7-68014BB9D73A}"
EndProject
Global
	GlobalSection(SolutionConfigurationPlatforms) = preSolution
		Debug|Any CPU = Debug|Any CPU
		Release|Any CPU = Release|Any CPU
	EndGlobalSection
	GlobalSection(ProjectConfigurationPlatforms) = postSolution
		{13A86745-A4A5-4638-B2B7-68014BB9D73A}.Debug|Any CPU.ActiveCfg = Debug|Any CPU
		{13A86745-A4A5-4638-B2B7-68014BB9D73A}.Debug|Any CPU.Build.0 = Debug|Any CPU
		{13A86745-A4A5-4638-B2B7-68014BB9D73A}.Release|Any CPU.ActiveCfg = Release|Any CPU
		{13A86745-A4A5-4638-B2B7-68014BB9D73A}.Release|Any CPU.Build.0 = Release|Any CPU
	EndGlobalSection
	GlobalSection(SolutionProperties) = preSolution
		HideSolutionNode = FALSE
	EndGlobalSection
	GlobalSection(ExtensibilityGlobals) = postSolution
		SolutionGuid = {E41FFDA0-4B4C-4929-AA1E-3BBDB53455B0}
	EndGlobalSection
EndGlobal
